
Microsoft Visual Studio Solution File, Format Version 12.00
# Visual Studio Version 16
VisualStudioVersion = 16.0.29920.165
MinimumVisualStudioVersion = 10.0.40219.1
Project("{FAE04EC0-301F-11D3-BF4B-00C04F79EFBC}") = "Cua_hang_maytinh", "Cua_hang_maytinh.csproj", "{258C2A33-1199-458D-BDD7-6D2977A93E3A}"
EndProject
Global
	GlobalSection(SolutionConfigurationPlatforms) = preSolution
		Debug|Any CPU = Debug|Any CPU
		Release|Any CPU = Release|Any CPU
	EndGlobalSection
	GlobalSection(ProjectConfigurationPlatforms) = postSolution
		{258C2A33-1199-458D-BDD7-6D2977A93E3A}.Debug|Any CPU.ActiveCfg = Debug|Any CPU
		{258C2A33-1199-458D-BDD7-6D2977A93E3A}.Debug|Any CPU.Build.0 = Debug|Any CPU
		{258C2A33-1199-458D-BDD7-6D2977A93E3A}.Release|Any CPU.ActiveCfg = Release|Any CPU
		{258C2A33-1199-458D-BDD7-6D2977A93E3A}.Release|Any CPU.Build.0 = Release|Any CPU
	EndGlobalSection
	GlobalSection(SolutionProperties) = preSolution
		HideSolutionNode = FALSE
	EndGlobalSection
	GlobalSection(ExtensibilityGlobals) = postSolution
		SolutionGuid = {071F5A2E-25FA-4E31-BE5F-4AF8A031D4E8}
	EndGlobalSection
EndGlobal
